
Microsoft Visual Studio Solution File, Format Version 12.00
# Visual Studio Version 17
VisualStudioVersion = 17.11.35327.3
MinimumVisualStudioVersion = 10.0.40219.1
Project("{FAE04EC0-301F-11D3-BF4B-00C04F79EFBC}") = "smsapi", "smsapi\smsapi.csproj", "{DB5C6F07-2DA0-4874-93E8-A7574C8294B8}"
EndProject
Project("{FAE04EC0-301F-11D3-BF4B-00C04F79EFBC}") = "smsapi.test", "smsapi.test\smsapi.test.csproj", "{1DB57851-9891-468E-8F25-F2ECE8EB4E95}"
EndProject
Global
	GlobalSection(SolutionConfigurationPlatforms) = preSolution
		Debug|Any CPU = Debug|Any CPU
		Release|Any CPU = Release|Any CPU
	EndGlobalSection
	GlobalSection(ProjectConfigurationPlatforms) = postSolution
		{DB5C6F07-2DA0-4874-93E8-A7574C8294B8}.Debug|Any CPU.ActiveCfg = Debug|Any CPU
		{DB5C6F07-2DA0-4874-93E8-A7574C8294B8}.Debug|Any CPU.Build.0 = Debug|Any CPU
		{DB5C6F07-2DA0-4874-93E8-A7574C8294B8}.Release|Any CPU.ActiveCfg = Release|Any CPU
		{DB5C6F07-2DA0-4874-93E8-A7574C8294B8}.Release|Any CPU.Build.0 = Release|Any CPU
		{1DB57851-9891-468E-8F25-F2ECE8EB4E95}.Debug|Any CPU.ActiveCfg = Debug|Any CPU
		{1DB57851-9891-468E-8F25-F2ECE8EB4E95}.Debug|Any CPU.Build.0 = Debug|Any CPU
		{1DB57851-9891-468E-8F25-F2ECE8EB4E95}.Release|Any CPU.ActiveCfg = Release|Any CPU
		{1DB57851-9891-468E-8F25-F2ECE8EB4E95}.Release|Any CPU.Build.0 = Release|Any CPU
	EndGlobalSection
	GlobalSection(SolutionProperties) = preSolution
		HideSolutionNode = FALSE
	EndGlobalSection
	GlobalSection(ExtensibilityGlobals) = postSolution
		SolutionGuid = {BAF8DDAB-9DFE-4BD0-A423-CB2C14F4A1FA}
	EndGlobalSection
EndGlobal
